
Microsoft Visual Studio Solution File, Format Version 12.00
# Visual Studio Version 16
VisualStudioVersion = 16.0.30011.22
MinimumVisualStudioVersion = 10.0.40219.1
Project("{FAE04EC0-301F-11D3-BF4B-00C04F79EFBC}") = "MVCProject", "MVCProject.csproj", "{DB45F7C7-E7EB-4107-9ECE-C1CC0806A3AD}"
EndProject
Global
	GlobalSection(SolutionConfigurationPlatforms) = preSolution
		Debug|Any CPU = Debug|Any CPU
		Release|Any CPU = Release|Any CPU
	EndGlobalSection
	GlobalSection(ProjectConfigurationPlatforms) = postSolution
		{DB45F7C7-E7EB-4107-9ECE-C1CC0806A3AD}.Debug|Any CPU.ActiveCfg = Debug|Any CPU
		{DB45F7C7-E7EB-4107-9ECE-C1CC0806A3AD}.Debug|Any CPU.Build.0 = Debug|Any CPU
		{DB45F7C7-E7EB-4107-9ECE-C1CC0806A3AD}.Release|Any CPU.ActiveCfg = Release|Any CPU
		{DB45F7C7-E7EB-4107-9ECE-C1CC0806A3AD}.Release|Any CPU.Build.0 = Release|Any CPU
	EndGlobalSection
	GlobalSection(SolutionProperties) = preSolution
		HideSolutionNode = FALSE
	EndGlobalSection
	GlobalSection(ExtensibilityGlobals) = postSolution
		SolutionGuid = {E38AC1D2-6B2C-4EB2-B463-D28A1061FC34}
	EndGlobalSection
EndGlobal
